
Microsoft Visual Studio Solution File, Format Version 12.00
# Visual Studio 15
VisualStudioVersion = 15.0.28307.705
MinimumVisualStudioVersion = 10.0.40219.1
Project("{FAE04EC0-301F-11D3-BF4B-00C04F79EFBC}") = "InfomacoesFlores", "InfomacoesFlores\InfomacoesFlores.csproj", "{5EB1CFE6-C9C4-41DA-A890-A052051AA8F4}"
EndProject
Project("{FAE04EC0-301F-11D3-BF4B-00C04F79EFBC}") = "InterfaceFloricultura", "InterfaceFloricultura\InterfaceFloricultura.csproj", "{12FFFE7F-3D8C-4C04-B3D9-84042A3B3376}"
EndProject
Global
	GlobalSection(SolutionConfigurationPlatforms) = preSolution
		Debug|Any CPU = Debug|Any CPU
		Release|Any CPU = Release|Any CPU
	EndGlobalSection
	GlobalSection(ProjectConfigurationPlatforms) = postSolution
		{5EB1CFE6-C9C4-41DA-A890-A052051AA8F4}.Debug|Any CPU.ActiveCfg = Debug|Any CPU
		{5EB1CFE6-C9C4-41DA-A890-A052051AA8F4}.Debug|Any CPU.Build.0 = Debug|Any CPU
		{5EB1CFE6-C9C4-41DA-A890-A052051AA8F4}.Release|Any CPU.ActiveCfg = Release|Any CPU
		{5EB1CFE6-C9C4-41DA-A890-A052051AA8F4}.Release|Any CPU.Build.0 = Release|Any CPU
		{12FFFE7F-3D8C-4C04-B3D9-84042A3B3376}.Debug|Any CPU.ActiveCfg = Debug|Any CPU
		{12FFFE7F-3D8C-4C04-B3D9-84042A3B3376}.Debug|Any CPU.Build.0 = Debug|Any CPU
		{12FFFE7F-3D8C-4C04-B3D9-84042A3B3376}.Release|Any CPU.ActiveCfg = Release|Any CPU
		{12FFFE7F-3D8C-4C04-B3D9-84042A3B3376}.Release|Any CPU.Build.0 = Release|Any CPU
	EndGlobalSection
	GlobalSection(SolutionProperties) = preSolution
		HideSolutionNode = FALSE
	EndGlobalSection
	GlobalSection(ExtensibilityGlobals) = postSolution
		SolutionGuid = {49BB2972-9170-41EC-91B1-5165E9B6191D}
	EndGlobalSection
EndGlobal
