
Microsoft Visual Studio Solution File, Format Version 12.00
# Visual Studio Version 16
VisualStudioVersion = 16.0.29230.47
MinimumVisualStudioVersion = 10.0.40219.1
Project("{FAE04EC0-301F-11D3-BF4B-00C04F79EFBC}") = "CatalogoBicicletas", "CatalogoBicicletas\CatalogoBicicletas.csproj", "{94B6C822-57CC-4D06-BFFE-5B91985D4C12}"
EndProject
Project("{FAE04EC0-301F-11D3-BF4B-00C04F79EFBC}") = "InterfaceBicicleta", "InterfaceBicicleta\InterfaceBicicleta.csproj", "{D00327C4-5251-45FD-AE1A-94AF98699512}"
EndProject
Global
	GlobalSection(SolutionConfigurationPlatforms) = preSolution
		Debug|Any CPU = Debug|Any CPU
		Release|Any CPU = Release|Any CPU
	EndGlobalSection
	GlobalSection(ProjectConfigurationPlatforms) = postSolution
		{94B6C822-57CC-4D06-BFFE-5B91985D4C12}.Debug|Any CPU.ActiveCfg = Debug|Any CPU
		{94B6C822-57CC-4D06-BFFE-5B91985D4C12}.Debug|Any CPU.Build.0 = Debug|Any CPU
		{94B6C822-57CC-4D06-BFFE-5B91985D4C12}.Release|Any CPU.ActiveCfg = Release|Any CPU
		{94B6C822-57CC-4D06-BFFE-5B91985D4C12}.Release|Any CPU.Build.0 = Release|Any CPU
		{D00327C4-5251-45FD-AE1A-94AF98699512}.Debug|Any CPU.ActiveCfg = Debug|Any CPU
		{D00327C4-5251-45FD-AE1A-94AF98699512}.Debug|Any CPU.Build.0 = Debug|Any CPU
		{D00327C4-5251-45FD-AE1A-94AF98699512}.Release|Any CPU.ActiveCfg = Release|Any CPU
		{D00327C4-5251-45FD-AE1A-94AF98699512}.Release|Any CPU.Build.0 = Release|Any CPU
	EndGlobalSection
	GlobalSection(SolutionProperties) = preSolution
		HideSolutionNode = FALSE
	EndGlobalSection
	GlobalSection(ExtensibilityGlobals) = postSolution
		SolutionGuid = {A56FF0AC-7BFC-49B9-8986-2A80EE70B895}
	EndGlobalSection
EndGlobal
